
Microsoft Visual Studio Solution File, Format Version 12.00
# Visual Studio 15
VisualStudioVersion = 15.0.28307.271
MinimumVisualStudioVersion = 10.0.40219.1
Project("{FAE04EC0-301F-11D3-BF4B-00C04F79EFBC}") = "FolderMonitoringApp", "FolderMonitoringApp\FolderMonitoringApp.csproj", "{C5066625-B3A7-4CE4-837C-9F5EEF1A6C91}"
EndProject
Global
	GlobalSection(SolutionConfigurationPlatforms) = preSolution
		Debug|Any CPU = Debug|Any CPU
		Release|Any CPU = Release|Any CPU
	EndGlobalSection
	GlobalSection(ProjectConfigurationPlatforms) = postSolution
		{C5066625-B3A7-4CE4-837C-9F5EEF1A6C91}.Debug|Any CPU.ActiveCfg = Debug|Any CPU
		{C5066625-B3A7-4CE4-837C-9F5EEF1A6C91}.Debug|Any CPU.Build.0 = Debug|Any CPU
		{C5066625-B3A7-4CE4-837C-9F5EEF1A6C91}.Release|Any CPU.ActiveCfg = Release|Any CPU
		{C5066625-B3A7-4CE4-837C-9F5EEF1A6C91}.Release|Any CPU.Build.0 = Release|Any CPU
	EndGlobalSection
	GlobalSection(SolutionProperties) = preSolution
		HideSolutionNode = FALSE
	EndGlobalSection
	GlobalSection(ExtensibilityGlobals) = postSolution
		SolutionGuid = {94C395DD-3FC2-41B9-8191-4C775B5A6F8B}
	EndGlobalSection
EndGlobal
